
Microsoft Visual Studio Solution File, Format Version 12.00
# Visual Studio 15
VisualStudioVersion = 15.0.26430.14
MinimumVisualStudioVersion = 10.0.40219.1
Project("{FAE04EC0-301F-11D3-BF4B-00C04F79EFBC}") = "BikersClubEnrollment", "BikersClubEnrollment\BikersClubEnrollment.csproj", "{87D18E7D-CAA8-4F87-9D79-E2079BE66E36}"
EndProject
Project("{FAE04EC0-301F-11D3-BF4B-00C04F79EFBC}") = "BikeClubEnrollmentTest", "BikeClubEnrollmentTest\BikeClubEnrollmentTest.csproj", "{6D6CEC28-43A2-415B-85A9-7F3868DC01CB}"
EndProject
Project("{FAE04EC0-301F-11D3-BF4B-00C04F79EFBC}") = "BookMyShow", "BookMyShow\BookMyShow.csproj", "{CCEB16EB-B343-4201-9791-8C17AEA1BA08}"
EndProject
Project("{FAE04EC0-301F-11D3-BF4B-00C04F79EFBC}") = "ElectionSystem", "ElectionSystem\ElectionSystem.csproj", "{9E592B00-D213-40D3-BE81-A5B64CEEF175}"
EndProject
Global
	GlobalSection(SolutionConfigurationPlatforms) = preSolution
		Debug|Any CPU = Debug|Any CPU
		Release|Any CPU = Release|Any CPU
	EndGlobalSection
	GlobalSection(ProjectConfigurationPlatforms) = postSolution
		{87D18E7D-CAA8-4F87-9D79-E2079BE66E36}.Debug|Any CPU.ActiveCfg = Debug|Any CPU
		{87D18E7D-CAA8-4F87-9D79-E2079BE66E36}.Debug|Any CPU.Build.0 = Debug|Any CPU
		{87D18E7D-CAA8-4F87-9D79-E2079BE66E36}.Release|Any CPU.ActiveCfg = Release|Any CPU
		{87D18E7D-CAA8-4F87-9D79-E2079BE66E36}.Release|Any CPU.Build.0 = Release|Any CPU
		{6D6CEC28-43A2-415B-85A9-7F3868DC01CB}.Debug|Any CPU.ActiveCfg = Debug|Any CPU
		{6D6CEC28-43A2-415B-85A9-7F3868DC01CB}.Debug|Any CPU.Build.0 = Debug|Any CPU
		{6D6CEC28-43A2-415B-85A9-7F3868DC01CB}.Release|Any CPU.ActiveCfg = Release|Any CPU
		{6D6CEC28-43A2-415B-85A9-7F3868DC01CB}.Release|Any CPU.Build.0 = Release|Any CPU
		{CCEB16EB-B343-4201-9791-8C17AEA1BA08}.Debug|Any CPU.ActiveCfg = Debug|Any CPU
		{CCEB16EB-B343-4201-9791-8C17AEA1BA08}.Debug|Any CPU.Build.0 = Debug|Any CPU
		{CCEB16EB-B343-4201-9791-8C17AEA1BA08}.Release|Any CPU.ActiveCfg = Release|Any CPU
		{CCEB16EB-B343-4201-9791-8C17AEA1BA08}.Release|Any CPU.Build.0 = Release|Any CPU
		{9E592B00-D213-40D3-BE81-A5B64CEEF175}.Debug|Any CPU.ActiveCfg = Debug|Any CPU
		{9E592B00-D213-40D3-BE81-A5B64CEEF175}.Debug|Any CPU.Build.0 = Debug|Any CPU
		{9E592B00-D213-40D3-BE81-A5B64CEEF175}.Release|Any CPU.ActiveCfg = Release|Any CPU
		{9E592B00-D213-40D3-BE81-A5B64CEEF175}.Release|Any CPU.Build.0 = Release|Any CPU
	EndGlobalSection
	GlobalSection(SolutionProperties) = preSolution
		HideSolutionNode = FALSE
	EndGlobalSection
EndGlobal
